
Microsoft Visual Studio Solution File, Format Version 12.00
# Visual Studio Version 17
VisualStudioVersion = 17.4.33213.308
MinimumVisualStudioVersion = 10.0.40219.1
Project("{FAE04EC0-301F-11D3-BF4B-00C04F79EFBC}") = "HMI", "HMI\HMI.csproj", "{D51A6048-B8A8-41F6-ABAE-704D8FDD9035}"
EndProject
Project("{FAE04EC0-301F-11D3-BF4B-00C04F79EFBC}") = "Logic", "Logic\Logic.csproj", "{6FBAF9C9-284C-41E1-A1A0-461DDF61984B}"
EndProject
Project("{FAE04EC0-301F-11D3-BF4B-00C04F79EFBC}") = "LogicTest", "LogicTest\LogicTest.csproj", "{D824EBE2-CDFC-4845-8667-72DC495A214B}"
EndProject
Project("{FAE04EC0-301F-11D3-BF4B-00C04F79EFBC}") = "Storage", "Storage\Storage.csproj", "{90D841A8-A26B-49FB-A4F3-E9D048B78895}"
EndProject
Global
	GlobalSection(SolutionConfigurationPlatforms) = preSolution
		Debug|Any CPU = Debug|Any CPU
		Release|Any CPU = Release|Any CPU
	EndGlobalSection
	GlobalSection(ProjectConfigurationPlatforms) = postSolution
		{D51A6048-B8A8-41F6-ABAE-704D8FDD9035}.Debug|Any CPU.ActiveCfg = Debug|Any CPU
		{D51A6048-B8A8-41F6-ABAE-704D8FDD9035}.Debug|Any CPU.Build.0 = Debug|Any CPU
		{D51A6048-B8A8-41F6-ABAE-704D8FDD9035}.Release|Any CPU.ActiveCfg = Release|Any CPU
		{D51A6048-B8A8-41F6-ABAE-704D8FDD9035}.Release|Any CPU.Build.0 = Release|Any CPU
		{6FBAF9C9-284C-41E1-A1A0-461DDF61984B}.Debug|Any CPU.ActiveCfg = Debug|Any CPU
		{6FBAF9C9-284C-41E1-A1A0-461DDF61984B}.Debug|Any CPU.Build.0 = Debug|Any CPU
		{6FBAF9C9-284C-41E1-A1A0-461DDF61984B}.Release|Any CPU.ActiveCfg = Release|Any CPU
		{6FBAF9C9-284C-41E1-A1A0-461DDF61984B}.Release|Any CPU.Build.0 = Release|Any CPU
		{D824EBE2-CDFC-4845-8667-72DC495A214B}.Debug|Any CPU.ActiveCfg = Debug|Any CPU
		{D824EBE2-CDFC-4845-8667-72DC495A214B}.Debug|Any CPU.Build.0 = Debug|Any CPU
		{D824EBE2-CDFC-4845-8667-72DC495A214B}.Release|Any CPU.ActiveCfg = Release|Any CPU
		{D824EBE2-CDFC-4845-8667-72DC495A214B}.Release|Any CPU.Build.0 = Release|Any CPU
		{90D841A8-A26B-49FB-A4F3-E9D048B78895}.Debug|Any CPU.ActiveCfg = Debug|Any CPU
		{90D841A8-A26B-49FB-A4F3-E9D048B78895}.Debug|Any CPU.Build.0 = Debug|Any CPU
		{90D841A8-A26B-49FB-A4F3-E9D048B78895}.Release|Any CPU.ActiveCfg = Release|Any CPU
		{90D841A8-A26B-49FB-A4F3-E9D048B78895}.Release|Any CPU.Build.0 = Release|Any CPU
	EndGlobalSection
	GlobalSection(SolutionProperties) = preSolution
		HideSolutionNode = FALSE
	EndGlobalSection
	GlobalSection(ExtensibilityGlobals) = postSolution
		SolutionGuid = {2F56F453-5489-4A18-81C0-E31E0D4169C9}
	EndGlobalSection
EndGlobal
